
Microsoft Visual Studio Solution File, Format Version 12.00
# Visual Studio Version 16
VisualStudioVersion = 16.0.31727.386
MinimumVisualStudioVersion = 10.0.40219.1
Project("{9A19103F-16F7-4668-BE54-9A1E7A4F7556}") = "GUIColorClustering", "GUIColorClustering.csproj", "{27975640-90FC-45CE-8C6B-5B193B542619}"
EndProject
Project("{9A19103F-16F7-4668-BE54-9A1E7A4F7556}") = "Core", "..\Core\Core.csproj", "{F46F80B6-9B1F-4134-9B4B-D581BA63BB14}"
EndProject
Global
	GlobalSection(SolutionConfigurationPlatforms) = preSolution
		Debug|Any CPU = Debug|Any CPU
		Release|Any CPU = Release|Any CPU
	EndGlobalSection
	GlobalSection(ProjectConfigurationPlatforms) = postSolution
		{27975640-90FC-45CE-8C6B-5B193B542619}.Debug|Any CPU.ActiveCfg = Debug|Any CPU
		{27975640-90FC-45CE-8C6B-5B193B542619}.Debug|Any CPU.Build.0 = Debug|Any CPU
		{27975640-90FC-45CE-8C6B-5B193B542619}.Release|Any CPU.ActiveCfg = Release|Any CPU
		{27975640-90FC-45CE-8C6B-5B193B542619}.Release|Any CPU.Build.0 = Release|Any CPU
		{F46F80B6-9B1F-4134-9B4B-D581BA63BB14}.Debug|Any CPU.ActiveCfg = Debug|Any CPU
		{F46F80B6-9B1F-4134-9B4B-D581BA63BB14}.Debug|Any CPU.Build.0 = Debug|Any CPU
		{F46F80B6-9B1F-4134-9B4B-D581BA63BB14}.Release|Any CPU.ActiveCfg = Release|Any CPU
		{F46F80B6-9B1F-4134-9B4B-D581BA63BB14}.Release|Any CPU.Build.0 = Release|Any CPU
	EndGlobalSection
	GlobalSection(SolutionProperties) = preSolution
		HideSolutionNode = FALSE
	EndGlobalSection
	GlobalSection(ExtensibilityGlobals) = postSolution
		SolutionGuid = {4C954C56-245B-44F0-85A4-00F4B3C333D2}
	EndGlobalSection
EndGlobal
